Microsoft Visual Studio Solution File, Format Version 12.00
# Visual Studio Version 17
VisualStudioVersion = 17.5.2.0
MinimumVisualStudioVersion = 10.0.40219.1
Project("{2150E333-8FDC-42A3-9474-1A3956D46DE8}") = "src", "src", "{827E0CD3-B72D-47B6-A68D-7590B98EB39B}"
EndProject
Project("{FAE04EC0-301F-11D3-BF4B-00C04F79EFBC}") = "library", "src\library\library.csproj", "{9F4FED49-3E56-D3F8-4FE1-6D97DCB4E156}"
EndProject
Project("{FAE04EC0-301F-11D3-BF4B-00C04F79EFBC}") = "model", "src\model\model.csproj", "{BCDF7FFC-74BF-FEC7-0F78-DFDB10644A84}"
EndProject
Global
	GlobalSection(SolutionConfigurationPlatforms) = preSolution
		Debug|Any CPU = Debug|Any CPU
		Release|Any CPU = Release|Any CPU
	EndGlobalSection
	GlobalSection(ProjectConfigurationPlatforms) = postSolution
		{9F4FED49-3E56-D3F8-4FE1-6D97DCB4E156}.Debug|Any CPU.ActiveCfg = Debug|Any CPU
		{9F4FED49-3E56-D3F8-4FE1-6D97DCB4E156}.Debug|Any CPU.Build.0 = Debug|Any CPU
		{9F4FED49-3E56-D3F8-4FE1-6D97DCB4E156}.Release|Any CPU.ActiveCfg = Release|Any CPU
		{9F4FED49-3E56-D3F8-4FE1-6D97DCB4E156}.Release|Any CPU.Build.0 = Release|Any CPU
		{BCDF7FFC-74BF-FEC7-0F78-DFDB10644A84}.Debug|Any CPU.ActiveCfg = Debug|Any CPU
		{BCDF7FFC-74BF-FEC7-0F78-DFDB10644A84}.Debug|Any CPU.Build.0 = Debug|Any CPU
		{BCDF7FFC-74BF-FEC7-0F78-DFDB10644A84}.Release|Any CPU.ActiveCfg = Release|Any CPU
		{BCDF7FFC-74BF-FEC7-0F78-DFDB10644A84}.Release|Any CPU.Build.0 = Release|Any CPU
	EndGlobalSection
	GlobalSection(SolutionProperties) = preSolution
		HideSolutionNode = FALSE
	EndGlobalSection
	GlobalSection(NestedProjects) = preSolution
		{9F4FED49-3E56-D3F8-4FE1-6D97DCB4E156} = {827E0CD3-B72D-47B6-A68D-7590B98EB39B}
		{BCDF7FFC-74BF-FEC7-0F78-DFDB10644A84} = {827E0CD3-B72D-47B6-A68D-7590B98EB39B}
	EndGlobalSection
	GlobalSection(ExtensibilityGlobals) = postSolution
		SolutionGuid = {F99C7B88-FCD9-4819-9E56-823AD2DDBC88}
	EndGlobalSection
EndGlobal
